{
  "requires": true,
  "lockfileVersion": 1,
  "dependencies": {
    "@kunukn/react-bootstrap-grid": {
      "version": "0.0.3",
      "resolved": "https://registry.npmjs.org/@kunukn/react-bootstrap-grid/-/react-bootstrap-grid-0.0.3.tgz",
      "integrity": "sha512-zlYz5H5ThFk81NgtR+QLD5XbGcqyLCy7C119si8RwdK0Bi+xUGLjYx/QfhlwfjUC6+SmD5oI6ZbKelzVSoJhmA=="
    }
  }
}
